
Microsoft Visual Studio Solution File, Format Version 12.00
# Visual Studio 15
VisualStudioVersion = 15.0.28307.645
MinimumVisualStudioVersion = 10.0.40219.1
Project("{9A19103F-16F7-4668-BE54-9A1E7A4F7556}") = "MOGESP.UserInterface", "MOGESP.UserInterface.csproj", "{EA33018C-4063-4FAE-A849-62C067478BF3}"
	ProjectSection(ProjectDependencies) = postProject
		{4372E961-D678-47AD-927C-BE5B6481D79C} = {4372E961-D678-47AD-927C-BE5B6481D79C}
		{EB0118D6-9F7F-44B5-A0BA-47CEA91FFDCB} = {EB0118D6-9F7F-44B5-A0BA-47CEA91FFDCB}
	EndProjectSection
EndProject
Project("{9A19103F-16F7-4668-BE54-9A1E7A4F7556}") = "MOGESP.Entities", "..\Model\MOGESP.Entities.csproj", "{4372E961-D678-47AD-927C-BE5B6481D79C}"
EndProject
Project("{9A19103F-16F7-4668-BE54-9A1E7A4F7556}") = "MOGESP.DataAccess.TRAN", "..\MOGESP.DataAccess.TRAN\MOGESP.DataAccess.TRAN.csproj", "{FC0A5B5F-23A7-48A1-B78E-C644CE07FAB0}"
	ProjectSection(ProjectDependencies) = postProject
		{4372E961-D678-47AD-927C-BE5B6481D79C} = {4372E961-D678-47AD-927C-BE5B6481D79C}
	EndProjectSection
EndProject
Project("{9A19103F-16F7-4668-BE54-9A1E7A4F7556}") = "MOGESP.ServiceLayer", "..\MOGESP.ServiceLayer\MOGESP.ServiceLayer.csproj", "{EB0118D6-9F7F-44B5-A0BA-47CEA91FFDCB}"
	ProjectSection(ProjectDependencies) = postProject
		{FC0A5B5F-23A7-48A1-B78E-C644CE07FAB0} = {FC0A5B5F-23A7-48A1-B78E-C644CE07FAB0}
		{4372E961-D678-47AD-927C-BE5B6481D79C} = {4372E961-D678-47AD-927C-BE5B6481D79C}
	EndProjectSection
EndProject
Project("{9A19103F-16F7-4668-BE54-9A1E7A4F7556}") = "MOGESP.DataAccess.TRAN.Test", "..\MOGESP.DataAccess.TRAN.Test\MOGESP.DataAccess.TRAN.Test.csproj", "{ADA3E38F-B996-46D5-A92B-5AD395026059}"
EndProject
Project("{FAE04EC0-301F-11D3-BF4B-00C04F79EFBC}") = "MOGESP.API", "..\MOGESP.API\MOGESP.API.csproj", "{C24E68D9-626F-484D-B84E-DF36B5DB26FF}"
EndProject
Global
	GlobalSection(SolutionConfigurationPlatforms) = preSolution
		Debug|Any CPU = Debug|Any CPU
		Release|Any CPU = Release|Any CPU
	EndGlobalSection
	GlobalSection(ProjectConfigurationPlatforms) = postSolution
		{EA33018C-4063-4FAE-A849-62C067478BF3}.Debug|Any CPU.ActiveCfg = Debug|Any CPU
		{EA33018C-4063-4FAE-A849-62C067478BF3}.Debug|Any CPU.Build.0 = Debug|Any CPU
		{EA33018C-4063-4FAE-A849-62C067478BF3}.Release|Any CPU.ActiveCfg = Release|Any CPU
		{EA33018C-4063-4FAE-A849-62C067478BF3}.Release|Any CPU.Build.0 = Release|Any CPU
		{4372E961-D678-47AD-927C-BE5B6481D79C}.Debug|Any CPU.ActiveCfg = Debug|Any CPU
		{4372E961-D678-47AD-927C-BE5B6481D79C}.Debug|Any CPU.Build.0 = Debug|Any CPU
		{4372E961-D678-47AD-927C-BE5B6481D79C}.Release|Any CPU.ActiveCfg = Release|Any CPU
		{4372E961-D678-47AD-927C-BE5B6481D79C}.Release|Any CPU.Build.0 = Release|Any CPU
		{FC0A5B5F-23A7-48A1-B78E-C644CE07FAB0}.Debug|Any CPU.ActiveCfg = Debug|Any CPU
		{FC0A5B5F-23A7-48A1-B78E-C644CE07FAB0}.Debug|Any CPU.Build.0 = Debug|Any CPU
		{FC0A5B5F-23A7-48A1-B78E-C644CE07FAB0}.Release|Any CPU.ActiveCfg = Release|Any CPU
		{FC0A5B5F-23A7-48A1-B78E-C644CE07FAB0}.Release|Any CPU.Build.0 = Release|Any CPU
		{EB0118D6-9F7F-44B5-A0BA-47CEA91FFDCB}.Debug|Any CPU.ActiveCfg = Debug|Any CPU
		{EB0118D6-9F7F-44B5-A0BA-47CEA91FFDCB}.Debug|Any CPU.Build.0 = Debug|Any CPU
		{EB0118D6-9F7F-44B5-A0BA-47CEA91FFDCB}.Release|Any CPU.ActiveCfg = Release|Any CPU
		{EB0118D6-9F7F-44B5-A0BA-47CEA91FFDCB}.Release|Any CPU.Build.0 = Release|Any CPU
		{ADA3E38F-B996-46D5-A92B-5AD395026059}.Debug|Any CPU.ActiveCfg = Debug|Any CPU
		{ADA3E38F-B996-46D5-A92B-5AD395026059}.Debug|Any CPU.Build.0 = Debug|Any CPU
		{ADA3E38F-B996-46D5-A92B-5AD395026059}.Release|Any CPU.ActiveCfg = Release|Any CPU
		{ADA3E38F-B996-46D5-A92B-5AD395026059}.Release|Any CPU.Build.0 = Release|Any CPU
		{C24E68D9-626F-484D-B84E-DF36B5DB26FF}.Debug|Any CPU.ActiveCfg = Debug|Any CPU
		{C24E68D9-626F-484D-B84E-DF36B5DB26FF}.Debug|Any CPU.Build.0 = Debug|Any CPU
		{C24E68D9-626F-484D-B84E-DF36B5DB26FF}.Release|Any CPU.ActiveCfg = Release|Any CPU
		{C24E68D9-626F-484D-B84E-DF36B5DB26FF}.Release|Any CPU.Build.0 = Release|Any CPU
	EndGlobalSection
	GlobalSection(SolutionProperties) = preSolution
		HideSolutionNode = FALSE
	EndGlobalSection
	GlobalSection(ExtensibilityGlobals) = postSolution
		SolutionGuid = {D46BF835-21E5-4DAC-9F8D-BAF7444F7D8F}
	EndGlobalSection
EndGlobal
